// !$*UTF8*$!
{
	archiveVersion = 1;
	classes = {
	};
	objectVersion = 46;
	objects = {

/* Begin PBXBuildFile section */
		2252AD4A19407F1F005556B4 /* Foundation.framework in Frameworks */ = {isa = PBXBuildFile; fileRef = 2252AD4919407F1F005556B4 /* Foundation.framework */; };
		2252AD4C19407F1F005556B4 /* CoreGraphics.framework in Frameworks */ = {isa = PBXBuildFile; fileRef = 2252AD4B19407F1F005556B4 /* CoreGraphics.framework */; };
		2252AD4E19407F1F005556B4 /* UIKit.framework in Frameworks */ = {isa = PBXBuildFile; fileRef = 2252AD4D19407F1F005556B4 /* UIKit.framework */; };
		2252AD5019407F1F005556B4 /* SpriteKit.framework in Frameworks */ = {isa = PBXBuildFile; fileRef = 2252AD4F19407F1F005556B4 /* SpriteKit.framework */; };
		2252AD5619407F1F005556B4 /* InfoPlist.strings in Resources */ = {isa = PBXBuildFile; fileRef = 2252AD5419407F1F005556B4 /* InfoPlist.strings */; };
		2252AD5819407F1F005556B4 /* main.m in Sources */ = {isa = PBXBuildFile; fileRef = 2252AD5719407F1F005556B4 /* main.m */; };
		2252AD5C19407F1F005556B4 /* AppDelegate.m in Sources */ = {isa = PBXBuildFile; fileRef = 2252AD5B19407F1F005556B4 /* AppDelegate.m */; };
		2252AD5F19407F1F005556B4 /* Main.storyboard in Resources */ = {isa = PBXBuildFile; fileRef = 2252AD5D19407F1F005556B4 /* Main.storyboard */; };
		2252AD6219407F1F005556B4 /* ViewController.m in Sources */ = {isa = PBXBuildFile; fileRef = 2252AD6119407F1F005556B4 /* ViewController.m */; };
		2252AD6519407F1F005556B4 /* MyScene.m in Sources */ = {isa = PBXBuildFile; fileRef = 2252AD6419407F1F005556B4 /* MyScene.m */; };
		2252AD6919407F1F005556B4 /* Images.xcassets in Resources */ = {isa = PBXBuildFile; fileRef = 2252AD6819407F1F005556B4 /* Images.xcassets */; };
		2252AD7019407F1F005556B4 /* XCTest.framework in Frameworks */ = {isa = PBXBuildFile; fileRef = 2252AD6F19407F1F005556B4 /* XCTest.framework */; };
		2252AD7119407F1F005556B4 /* Foundation.framework in Frameworks */ = {isa = PBXBuildFile; fileRef = 2252AD4919407F1F005556B4 /* Foundation.framework */; };
		2252AD7219407F1F005556B4 /* UIKit.framework in Frameworks */ = {isa = PBXBuildFile; fileRef = 2252AD4D19407F1F005556B4 /* UIKit.framework */; };
		2252AD7A19407F1F005556B4 /* InfoPlist.strings in Resources */ = {isa = PBXBuildFile; fileRef = 2252AD7819407F1F005556B4 /* InfoPlist.strings */; };
		2252AD7C19407F1F005556B4 /* CircuitRacerTests.m in Sources */ = {isa = PBXBuildFile; fileRef = 2252AD7B19407F1F005556B4 /* CircuitRacerTests.m */; };
		2252ADBF19407FA1005556B4 /* achievement-amateur.png in Resources */ = {isa = PBXBuildFile; fileRef = 2252AD8719407FA1005556B4 /* achievement-amateur.png */; };
		2252ADC019407FA1005556B4 /* achievement-destruction.png in Resources */ = {isa = PBXBuildFile; fileRef = 2252AD8819407FA1005556B4 /* achievement-destruction.png */; };
		2252ADC119407FA1005556B4 /* achievement-intermediate.png in Resources */ = {isa = PBXBuildFile; fileRef = 2252AD8919407FA1005556B4 /* achievement-intermediate.png */; };
		2252ADC219407FA1005556B4 /* achievement-professional.png in Resources */ = {isa = PBXBuildFile; fileRef = 2252AD8A19407FA1005556B4 /* achievement-professional.png */; };
		2252ADC319407FA1005556B4 /* bg-main-menu.png in Resources */ = {isa = PBXBuildFile; fileRef = 2252AD8C19407FA1005556B4 /* bg-main-menu.png */; };
		2252ADC419407FA1005556B4 /* bg-main-menu@2x.png in Resources */ = {isa = PBXBuildFile; fileRef = 2252AD8D19407FA1005556B4 /* bg-main-menu@2x.png */; };
		2252ADC519407FA1005556B4 /* bg-select-car.png in Resources */ = {isa = PBXBuildFile; fileRef = 2252AD8E19407FA1005556B4 /* bg-select-car.png */; };
		2252ADC619407FA1005556B4 /* bg-select-car@2x.png in Resources */ = {isa = PBXBuildFile; fileRef = 2252AD8F19407FA1005556B4 /* bg-select-car@2x.png */; };
		2252ADC719407FA1005556B4 /* bg-select-difficulty.png in Resources */ = {isa = PBXBuildFile; fileRef = 2252AD9019407FA1005556B4 /* bg-select-difficulty.png */; };
		2252ADC819407FA1005556B4 /* bg-select-difficulty@2x.png in Resources */ = {isa = PBXBuildFile; fileRef = 2252AD9119407FA1005556B4 /* bg-select-difficulty@2x.png */; };
		2252ADC919407FA1005556B4 /* track_1.png in Resources */ = {isa = PBXBuildFile; fileRef = 2252AD9219407FA1005556B4 /* track_1.png */; };
		2252ADCA19407FA1005556B4 /* track_1@2x.png in Resources */ = {isa = PBXBuildFile; fileRef = 2252AD9319407FA1005556B4 /* track_1@2x.png */; };
		2252ADCB19407FA1005556B4 /* track_2.png in Resources */ = {isa = PBXBuildFile; fileRef = 2252AD9419407FA1005556B4 /* track_2.png */; };
		2252ADCC19407FA1005556B4 /* track_2@2x.png in Resources */ = {isa = PBXBuildFile; fileRef = 2252AD9519407FA1005556B4 /* track_2@2x.png */; };
		2252ADCD19407FA1005556B4 /* track_3.png in Resources */ = {isa = PBXBuildFile; fileRef = 2252AD9619407FA1005556B4 /* track_3.png */; };
		2252ADCE19407FA1005556B4 /* track_3@2x.png in Resources */ = {isa = PBXBuildFile; fileRef = 2252AD9719407FA1005556B4 /* track_3@2x.png */; };
		2252ADCF19407FA1005556B4 /* base.png in Resources */ = {isa = PBXBuildFile; fileRef = 2252AD9919407FA1005556B4 /* base.png */; };
		2252ADD019407FA1005556B4 /* base@2x.png in Resources */ = {isa = PBXBuildFile; fileRef = 2252AD9A19407FA1005556B4 /* base@2x.png */; };
		2252ADD119407FA1005556B4 /* btn-back.png in Resources */ = {isa = PBXBuildFile; fileRef = 2252AD9B19407FA1005556B4 /* btn-back.png */; };
		2252ADD219407FA1005556B4 /* btn-back@2x.png in Resources */ = {isa = PBXBuildFile; fileRef = 2252AD9C19407FA1005556B4 /* btn-back@2x.png */; };
		2252ADD319407FA1005556B4 /* btn-car1.png in Resources */ = {isa = PBXBuildFile; fileRef = 2252AD9D19407FA1005556B4 /* btn-car1.png */; };
		2252ADD419407FA1005556B4 /* btn-car1@2x.png in Resources */ = {isa = PBXBuildFile; fileRef = 2252AD9E19407FA1005556B4 /* btn-car1@2x.png */; };
		2252ADD519407FA1005556B4 /* btn-car2.png in Resources */ = {isa = PBXBuildFile; fileRef = 2252AD9F19407FA1005556B4 /* btn-car2.png */; };
		2252ADD619407FA1005556B4 /* btn-car2@2x.png in Resources */ = {isa = PBXBuildFile; fileRef = 2252ADA019407FA1005556B4 /* btn-car2@2x.png */; };
		2252ADD719407FA1005556B4 /* btn-car3.png in Resources */ = {isa = PBXBuildFile; fileRef = 2252ADA119407FA1005556B4 /* btn-car3.png */; };
		2252ADD819407FA1005556B4 /* btn-car3@2x.png in Resources */ = {isa = PBXBuildFile; fileRef = 2252ADA219407FA1005556B4 /* btn-car3@2x.png */; };
		2252ADD919407FA1005556B4 /* btn-easy.png in Resources */ = {isa = PBXBuildFile; fileRef = 2252ADA319407FA1005556B4 /* btn-easy.png */; };
		2252ADDA19407FA1005556B4 /* btn-easy@2x.png in Resources */ = {isa = PBXBuildFile; fileRef = 2252ADA419407FA1005556B4 /* btn-easy@2x.png */; };
		2252ADDB19407FA1005556B4 /* btn-gamecenter.png in Resources */ = {isa = PBXBuildFile; fileRef = 2252ADA519407FA1005556B4 /* btn-gamecenter.png */; };
		2252ADDC19407FA1005556B4 /* btn-gamecenter@2x.png in Resources */ = {isa = PBXBuildFile; fileRef = 2252ADA619407FA1005556B4 /* btn-gamecenter@2x.png */; };
		2252ADDD19407FA1005556B4 /* btn-hard.png in Resources */ = {isa = PBXBuildFile; fileRef = 2252ADA719407FA1005556B4 /* btn-hard.png */; };
		2252ADDE19407FA1005556B4 /* btn-hard@2x.png in Resources */ = {isa = PBXBuildFile; fileRef = 2252ADA819407FA1005556B4 /* btn-hard@2x.png */; };
		2252ADDF19407FA1005556B4 /* btn-medium.png in Resources */ = {isa = PBXBuildFile; fileRef = 2252ADA919407FA1005556B4 /* btn-medium.png */; };
		2252ADE019407FA1005556B4 /* btn-medium@2x.png in Resources */ = {isa = PBXBuildFile; fileRef = 2252ADAA19407FA1005556B4 /* btn-medium@2x.png */; };
		2252ADE119407FA1005556B4 /* btn-pause.png in Resources */ = {isa = PBXBuildFile; fileRef = 2252ADAB19407FA1005556B4 /* btn-pause.png */; };
		2252ADE219407FA1005556B4 /* btn-pause@2x.png in Resources */ = {isa = PBXBuildFile; fileRef = 2252ADAC19407FA1005556B4 /* btn-pause@2x.png */; };
		2252ADE319407FA1005556B4 /* btn-play.png in Resources */ = {isa = PBXBuildFile; fileRef = 2252ADAD19407FA1005556B4 /* btn-play.png */; };
		2252ADE419407FA1005556B4 /* btn-play@2x.png in Resources */ = {isa = PBXBuildFile; fileRef = 2252ADAE19407FA1005556B4 /* btn-play@2x.png */; };
		2252ADE519407FA1005556B4 /* knob.png in Resources */ = {isa = PBXBuildFile; fileRef = 2252ADAF19407FA1005556B4 /* knob.png */; };
		2252ADE619407FA1005556B4 /* knob@2x.png in Resources */ = {isa = PBXBuildFile; fileRef = 2252ADB019407FA1005556B4 /* knob@2x.png */; };
		2252ADE719407FA1005556B4 /* steering-wheel-horn.png in Resources */ = {isa = PBXBuildFile; fileRef = 2252ADB119407FA1005556B4 /* steering-wheel-horn.png */; };
		2252ADE819407FA1005556B4 /* steering-wheel-horn@2x.png in Resources */ = {isa = PBXBuildFile; fileRef = 2252ADB219407FA1005556B4 /* steering-wheel-horn@2x.png */; };
		2252ADE919407FA1005556B4 /* steering-wheel.png in Resources */ = {isa = PBXBuildFile; fileRef = 2252ADB319407FA1005556B4 /* steering-wheel.png */; };
		2252ADEA19407FA1005556B4 /* steering-wheel@2x.png in Resources */ = {isa = PBXBuildFile; fileRef = 2252ADB419407FA1005556B4 /* steering-wheel@2x.png */; };
		2252ADEB19407FA1005556B4 /* LevelDetails.plist in Resources */ = {isa = PBXBuildFile; fileRef = 2252ADB619407FA1005556B4 /* LevelDetails.plist */; };
		2252ADEC19407FA1005556B4 /* box.wav in Resources */ = {isa = PBXBuildFile; fileRef = 2252ADB819407FA1005556B4 /* box.wav */; };
		2252ADED19407FA1005556B4 /* button_press.wav in Resources */ = {isa = PBXBuildFile; fileRef = 2252ADB919407FA1005556B4 /* button_press.wav */; };
		2252ADEE19407FA1005556B4 /* circuitracer.mp3 in Resources */ = {isa = PBXBuildFile; fileRef = 2252ADBA19407FA1005556B4 /* circuitracer.mp3 */; };
		2252ADEF19407FA1005556B4 /* horn.wav in Resources */ = {isa = PBXBuildFile; fileRef = 2252ADBB19407FA1005556B4 /* horn.wav */; };
		2252ADF019407FA1005556B4 /* lap.wav in Resources */ = {isa = PBXBuildFile; fileRef = 2252ADBC19407FA1005556B4 /* lap.wav */; };
		2252ADF119407FA1005556B4 /* nitro.wav in Resources */ = {isa = PBXBuildFile; fileRef = 2252ADBD19407FA1005556B4 /* nitro.wav */; };
		2252ADF219407FA1005556B4 /* sprites.atlas in Resources */ = {isa = PBXBuildFile; fileRef = 2252ADBE19407FA1005556B4 /* sprites.atlas */; };
/* End PBXBuildFile section */

/* Begin PBXContainerItemProxy section */
		2252AD7319407F1F005556B4 /* PBXContainerItemProxy */ = {
			isa = PBXContainerItemProxy;
			containerPortal = 2252AD3E19407F1F005556B4 /* Project object */;
			proxyType = 1;
			remoteGlobalIDString = 2252AD4519407F1F005556B4;
			remoteInfo = CircuitRacer;
		};
/* End PBXContainerItemProxy section */

/* Begin PBXFileReference section */
		2252AD4619407F1F005556B4 /* CircuitRacer.app */ = {isa = PBXFileReference; explicitFileType = wrapper.application; includeInIndex = 0; path = CircuitRacer.app; sourceTree = BUILT_PRODUCTS_DIR; };
		2252AD4919407F1F005556B4 /* Foundation.framework */ = {isa = PBXFileReference; lastKnownFileType = wrapper.framework; name = Foundation.framework; path = System/Library/Frameworks/Foundation.framework; sourceTree = SDKROOT; };
		2252AD4B19407F1F005556B4 /* CoreGraphics.framework */ = {isa = PBXFileReference; lastKnownFileType = wrapper.framework; name = CoreGraphics.framework; path = System/Library/Frameworks/CoreGraphics.framework; sourceTree = SDKROOT; };
		2252AD4D19407F1F005556B4 /* UIKit.framework */ = {isa = PBXFileReference; lastKnownFileType = wrapper.framework; name = UIKit.framework; path = System/Library/Frameworks/UIKit.framework; sourceTree = SDKROOT; };
		2252AD4F19407F1F005556B4 /* SpriteKit.framework */ = {isa = PBXFileReference; lastKnownFileType = wrapper.framework; name = SpriteKit.framework; path = System/Library/Frameworks/SpriteKit.framework; sourceTree = SDKROOT; };
		2252AD5319407F1F005556B4 /* CircuitRacer-Info.plist */ = {isa = PBXFileReference; lastKnownFileType = text.plist.xml; path = "CircuitRacer-Info.plist"; sourceTree = "<group>"; };
		2252AD5519407F1F005556B4 /* en */ = {isa = PBXFileReference; lastKnownFileType = text.plist.strings; name = en; path = en.lproj/InfoPlist.strings; sourceTree = "<group>"; };
		2252AD5719407F1F005556B4 /* main.m */ = {isa = PBXFileReference; lastKnownFileType = sourcecode.c.objc; path = main.m; sourceTree = "<group>"; };
		2252AD5919407F1F005556B4 /* CircuitRacer-Prefix.pch */ = {isa = PBXFileReference; lastKnownFileType = sourcecode.c.h; path = "CircuitRacer-Prefix.pch"; sourceTree = "<group>"; };
		2252AD5A19407F1F005556B4 /* AppDelegate.h */ = {isa = PBXFileReference; lastKnownFileType = sourcecode.c.h; path = AppDelegate.h; sourceTree = "<group>"; };
		2252AD5B19407F1F005556B4 /* AppDelegate.m */ = {isa = PBXFileReference; lastKnownFileType = sourcecode.c.objc; path = AppDelegate.m; sourceTree = "<group>"; };
		2252AD5E19407F1F005556B4 /* Base */ = {isa = PBXFileReference; lastKnownFileType = file.storyboard; name = Base; path = Base.lproj/Main.storyboard; sourceTree = "<group>"; };
		2252AD6019407F1F005556B4 /* ViewController.h */ = {isa = PBXFileReference; lastKnownFileType = sourcecode.c.h; path = ViewController.h; sourceTree = "<group>"; };
		2252AD6119407F1F005556B4 /* ViewController.m */ = {isa = PBXFileReference; lastKnownFileType = sourcecode.c.objc; path = ViewController.m; sourceTree = "<group>"; };
		2252AD6319407F1F005556B4 /* MyScene.h */ = {isa = PBXFileReference; lastKnownFileType = sourcecode.c.h; path = MyScene.h; sourceTree = "<group>"; };
		2252AD6419407F1F005556B4 /* MyScene.m */ = {isa = PBXFileReference; lastKnownFileType = sourcecode.c.objc; path = MyScene.m; sourceTree = "<group>"; };
		2252AD6819407F1F005556B4 /* Images.xcassets */ = {isa = PBXFileReference; lastKnownFileType = folder.assetcatalog; path = Images.xcassets; sourceTree = "<group>"; };
		2252AD6E19407F1F005556B4 /* CircuitRacerTests.xctest */ = {isa = PBXFileReference; explicitFileType = wrapper.cfbundle; includeInIndex = 0; path = CircuitRacerTests.xctest; sourceTree = BUILT_PRODUCTS_DIR; };
		2252AD6F19407F1F005556B4 /* XCTest.framework */ = {isa = PBXFileReference; lastKnownFileType = wrapper.framework; name = XCTest.framework; path = Library/Frameworks/XCTest.framework; sourceTree = DEVELOPER_DIR; };
		2252AD7719407F1F005556B4 /* CircuitRacerTests-Info.plist */ = {isa = PBXFileReference; lastKnownFileType = text.plist.xml; path = "CircuitRacerTests-Info.plist"; sourceTree = "<group>"; };
		2252AD7919407F1F005556B4 /* en */ = {isa = PBXFileReference; lastKnownFileType = text.plist.strings; name = en; path = en.lproj/InfoPlist.strings; sourceTree = "<group>"; };
		2252AD7B19407F1F005556B4 /* CircuitRacerTests.m */ = {isa = PBXFileReference; lastKnownFileType = sourcecode.c.objc; path = CircuitRacerTests.m; sourceTree = "<group>"; };
		2252AD8719407FA1005556B4 /* achievement-amateur.png */ = {isa = PBXFileReference; lastKnownFileType = image.png; path = "achievement-amateur.png"; sourceTree = "<group>"; };
		2252AD8819407FA1005556B4 /* achievement-destruction.png */ = {isa = PBXFileReference; lastKnownFileType = image.png; path = "achievement-destruction.png"; sourceTree = "<group>"; };
		2252AD8919407FA1005556B4 /* achievement-intermediate.png */ = {isa = PBXFileReference; lastKnownFileType = image.png; path = "achievement-intermediate.png"; sourceTree = "<group>"; };
		2252AD8A19407FA1005556B4 /* achievement-professional.png */ = {isa = PBXFileReference; lastKnownFileType = image.png; path = "achievement-professional.png"; sourceTree = "<group>"; };
		2252AD8C19407FA1005556B4 /* bg-main-menu.png */ = {isa = PBXFileReference; lastKnownFileType = image.png; path = "bg-main-menu.png"; sourceTree = "<group>"; };
		2252AD8D19407FA1005556B4 /* bg-main-menu@2x.png */ = {isa = PBXFileReference; lastKnownFileType = image.png; path = "bg-main-menu@2x.png"; sourceTree = "<group>"; };
		2252AD8E19407FA1005556B4 /* bg-select-car.png */ = {isa = PBXFileReference; lastKnownFileType = image.png; path = "bg-select-car.png"; sourceTree = "<group>"; };
		2252AD8F19407FA1005556B4 /* bg-select-car@2x.png */ = {isa = PBXFileReference; lastKnownFileType = image.png; path = "bg-select-car@2x.png"; sourceTree = "<group>"; };
		2252AD9019407FA1005556B4 /* bg-select-difficulty.png */ = {isa = PBXFileReference; lastKnownFileType = image.png; path = "bg-select-difficulty.png"; sourceTree = "<group>"; };
		2252AD9119407FA1005556B4 /* bg-select-difficulty@2x.png */ = {isa = PBXFileReference; lastKnownFileType = image.png; path = "bg-select-difficulty@2x.png"; sourceTree = "<group>"; };
		2252AD9219407FA1005556B4 /* track_1.png */ = {isa = PBXFileReference; lastKnownFileType = image.png; path = track_1.png; sourceTree = "<group>"; };
		2252AD9319407FA1005556B4 /* track_1@2x.png */ = {isa = PBXFileReference; lastKnownFileType = image.png; path = "track_1@2x.png"; sourceTree = "<group>"; };
		2252AD9419407FA1005556B4 /* track_2.png */ = {isa = PBXFileReference; lastKnownFileType = image.png; path = track_2.png; sourceTree = "<group>"; };
		2252AD9519407FA1005556B4 /* track_2@2x.png */ = {isa = PBXFileReference; lastKnownFileType = image.png; path = "track_2@2x.png"; sourceTree = "<group>"; };
		2252AD9619407FA1005556B4 /* track_3.png */ = {isa = PBXFileReference; lastKnownFileType = image.png; path = track_3.png; sourceTree = "<group>"; };
		2252AD9719407FA1005556B4 /* track_3@2x.png */ = {isa = PBXFileReference; lastKnownFileType = image.png; path = "track_3@2x.png"; sourceTree = "<group>"; };
		2252AD9919407FA1005556B4 /* base.png */ = {isa = PBXFileReference; lastKnownFileType = image.png; path = base.png; sourceTree = "<group>"; };
		2252AD9A19407FA1005556B4 /* base@2x.png */ = {isa = PBXFileReference; lastKnownFileType = image.png; path = "base@2x.png"; sourceTree = "<group>"; };
		2252AD9B19407FA1005556B4 /* btn-back.png */ = {isa = PBXFileReference; lastKnownFileType = image.png; path = "btn-back.png"; sourceTree = "<group>"; };
		2252AD9C19407FA1005556B4 /* btn-back@2x.png */ = {isa = PBXFileReference; lastKnownFileType = image.png; path = "btn-back@2x.png"; sourceTree = "<group>"; };
		2252AD9D19407FA1005556B4 /* btn-car1.png */ = {isa = PBXFileReference; lastKnownFileType = image.png; path = "btn-car1.png"; sourceTree = "<group>"; };
		2252AD9E19407FA1005556B4 /* btn-car1@2x.png */ = {isa = PBXFileReference; lastKnownFileType = image.png; path = "btn-car1@2x.png"; sourceTree = "<group>"; };
		2252AD9F19407FA1005556B4 /* btn-car2.png */ = {isa = PBXFileReference; lastKnownFileType = image.png; path = "btn-car2.png"; sourceTree = "<group>"; };
		2252ADA019407FA1005556B4 /* btn-car2@2x.png */ = {isa = PBXFileReference; lastKnownFileType = image.png; path = "btn-car2@2x.png"; sourceTree = "<group>"; };
		2252ADA119407FA1005556B4 /* btn-car3.png */ = {isa = PBXFileReference; lastKnownFileType = image.png; path = "btn-car3.png"; sourceTree = "<group>"; };
		2252ADA219407FA1005556B4 /* btn-car3@2x.png */ = {isa = PBXFileReference; lastKnownFileType = image.png; path = "btn-car3@2x.png"; sourceTree = "<group>"; };
		2252ADA319407FA1005556B4 /* btn-easy.png */ = {isa = PBXFileReference; lastKnownFileType = image.png; path = "btn-easy.png"; sourceTree = "<group>"; };
		2252ADA419407FA1005556B4 /* btn-easy@2x.png */ = {isa = PBXFileReference; lastKnownFileType = image.png; path = "btn-easy@2x.png"; sourceTree = "<group>"; };
		2252ADA519407FA1005556B4 /* btn-gamecenter.png */ = {isa = PBXFileReference; lastKnownFileType = image.png; path = "btn-gamecenter.png"; sourceTree = "<group>"; };
		2252ADA619407FA1005556B4 /* btn-gamecenter@2x.png */ = {isa = PBXFileReference; lastKnownFileType = image.png; path = "btn-gamecenter@2x.png"; sourceTree = "<group>"; };
		2252ADA719407FA1005556B4 /* btn-hard.png */ = {isa = PBXFileReference; lastKnownFileType = image.png; path = "btn-hard.png"; sourceTree = "<group>"; };
		2252ADA819407FA1005556B4 /* btn-hard@2x.png */ = {isa = PBXFileReference; lastKnownFileType = image.png; path = "btn-hard@2x.png"; sourceTree = "<group>"; };
		2252ADA919407FA1005556B4 /* btn-medium.png */ = {isa = PBXFileReference; lastKnownFileType = image.png; path = "btn-medium.png"; sourceTree = "<group>"; };
		2252ADAA19407FA1005556B4 /* btn-medium@2x.png */ = {isa = PBXFileReference; lastKnownFileType = image.png; path = "btn-medium@2x.png"; sourceTree = "<group>"; };
		2252ADAB19407FA1005556B4 /* btn-pause.png */ = {isa = PBXFileReference; lastKnownFileType = image.png; path = "btn-pause.png"; sourceTree = "<group>"; };
		2252ADAC19407FA1005556B4 /* btn-pause@2x.png */ = {isa = PBXFileReference; lastKnownFileType = image.png; path = "btn-pause@2x.png"; sourceTree = "<group>"; };
		2252ADAD19407FA1005556B4 /* btn-play.png */ = {isa = PBXFileReference; lastKnownFileType = image.png; path = "btn-play.png"; sourceTree = "<group>"; };
		2252ADAE19407FA1005556B4 /* btn-play@2x.png */ = {isa = PBXFileReference; lastKnownFileType = image.png; path = "btn-play@2x.png"; sourceTree = "<group>"; };
		2252ADAF19407FA1005556B4 /* knob.png */ = {isa = PBXFileReference; lastKnownFileType = image.png; path = knob.png; sourceTree = "<group>"; };
		2252ADB019407FA1005556B4 /* knob@2x.png */ = {isa = PBXFileReference; lastKnownFileType = image.png; path = "knob@2x.png"; sourceTree = "<group>"; };
		2252ADB119407FA1005556B4 /* steering-wheel-horn.png */ = {isa = PBXFileReference; lastKnownFileType = image.png; path = "steering-wheel-horn.png"; sourceTree = "<group>"; };
		2252ADB219407FA1005556B4 /* steering-wheel-horn@2x.png */ = {isa = PBXFileReference; lastKnownFileType = image.png; path = "steering-wheel-horn@2x.png"; sourceTree = "<group>"; };
		2252ADB319407FA1005556B4 /* steering-wheel.png */ = {isa = PBXFileReference; lastKnownFileType = image.png; path = "steering-wheel.png"; sourceTree = "<group>"; };
		2252ADB419407FA1005556B4 /* steering-wheel@2x.png */ = {isa = PBXFileReference; lastKnownFileType = image.png; path = "steering-wheel@2x.png"; sourceTree = "<group>"; };
		2252ADB619407FA1005556B4 /* LevelDetails.plist */ = {isa = PBXFileReference; fileEncoding = 4; lastKnownFileType = text.plist.xml; path = LevelDetails.plist; sourceTree = "<group>"; };
		2252ADB819407FA1005556B4 /* box.wav */ = {isa = PBXFileReference; lastKnownFileType = audio.wav; path = box.wav; sourceTree = "<group>"; };
		2252ADB919407FA1005556B4 /* button_press.wav */ = {isa = PBXFileReference; lastKnownFileType = audio.wav; path = button_press.wav; sourceTree = "<group>"; };
		2252ADBA19407FA1005556B4 /* circuitracer.mp3 */ = {isa = PBXFileReference; lastKnownFileType = audio.mp3; path = circuitracer.mp3; sourceTree = "<group>"; };
		2252ADBB19407FA1005556B4 /* horn.wav */ = {isa = PBXFileReference; lastKnownFileType = audio.wav; path = horn.wav; sourceTree = "<group>"; };
		2252ADBC19407FA1005556B4 /* lap.wav */ = {isa = PBXFileReference; lastKnownFileType = audio.wav; path = lap.wav; sourceTree = "<group>"; };
		2252ADBD19407FA1005556B4 /* nitro.wav */ = {isa = PBXFileReference; lastKnownFileType = audio.wav; path = nitro.wav; sourceTree = "<group>"; };
		2252ADBE19407FA1005556B4 /* sprites.atlas */ = {isa = PBXFileReference; lastKnownFileType = folder.skatlas; path = sprites.atlas; sourceTree = "<group>"; };
/* End PBXFileReference section */

/* Begin PBXFrameworksBuildPhase section */
		2252AD4319407F1F005556B4 /* Frameworks */ = {
			isa = PBXFrameworksBuildPhase;
			buildActionMask = 2147483647;
			files = (
				2252AD4C19407F1F005556B4 /* CoreGraphics.framework in Frameworks */,
				2252AD4E19407F1F005556B4 /* UIKit.framework in Frameworks */,
				2252AD5019407F1F005556B4 /* SpriteKit.framework in Frameworks */,
				2252AD4A19407F1F005556B4 /* Foundation.framework in Frameworks */,
			);
			runOnlyForDeploymentPostprocessing = 0;
		};
		2252AD6B19407F1F005556B4 /* Frameworks */ = {
			isa = PBXFrameworksBuildPhase;
			buildActionMask = 2147483647;
			files = (
				2252AD7019407F1F005556B4 /* XCTest.framework in Frameworks */,
				2252AD7219407F1F005556B4 /* UIKit.framework in Frameworks */,
				2252AD7119407F1F005556B4 /* Foundation.framework in Frameworks */,
			);
			runOnlyForDeploymentPostprocessing = 0;
		};
/* End PBXFrameworksBuildPhase section */

/* Begin PBXGroup section */
		2252AD3D19407F1F005556B4 = {
			isa = PBXGroup;
			children = (
				2252AD5119407F1F005556B4 /* CircuitRacer */,
				2252AD7519407F1F005556B4 /* CircuitRacerTests */,
				2252AD4819407F1F005556B4 /* Frameworks */,
				2252AD4719407F1F005556B4 /* Products */,
			);
			sourceTree = "<group>";
		};
		2252AD4719407F1F005556B4 /* Products */ = {
			isa = PBXGroup;
			children = (
				2252AD4619407F1F005556B4 /* CircuitRacer.app */,
				2252AD6E19407F1F005556B4 /* CircuitRacerTests.xctest */,
			);
			name = Products;
			sourceTree = "<group>";
		};
		2252AD4819407F1F005556B4 /* Frameworks */ = {
			isa = PBXGroup;
			children = (
				2252AD4919407F1F005556B4 /* Foundation.framework */,
				2252AD4B19407F1F005556B4 /* CoreGraphics.framework */,
				2252AD4D19407F1F005556B4 /* UIKit.framework */,
				2252AD4F19407F1F005556B4 /* SpriteKit.framework */,
				2252AD6F19407F1F005556B4 /* XCTest.framework */,
			);
			name = Frameworks;
			sourceTree = "<group>";
		};
		2252AD5119407F1F005556B4 /* CircuitRacer */ = {
			isa = PBXGroup;
			children = (
				2252AD8519407FA1005556B4 /* Art */,
				2252AD5A19407F1F005556B4 /* AppDelegate.h */,
				2252AD5B19407F1F005556B4 /* AppDelegate.m */,
				2252AD5D19407F1F005556B4 /* Main.storyboard */,
				2252AD6019407F1F005556B4 /* ViewController.h */,
				2252AD6119407F1F005556B4 /* ViewController.m */,
				2252AD6319407F1F005556B4 /* MyScene.h */,
				2252AD6419407F1F005556B4 /* MyScene.m */,
				2252AD6819407F1F005556B4 /* Images.xcassets */,
				2252AD5219407F1F005556B4 /* Supporting Files */,
			);
			path = CircuitRacer;
			sourceTree = "<group>";
		};
		2252AD5219407F1F005556B4 /* Supporting Files */ = {
			isa = PBXGroup;
			children = (
				2252AD5319407F1F005556B4 /* CircuitRacer-Info.plist */,
				2252AD5419407F1F005556B4 /* InfoPlist.strings */,
				2252AD5719407F1F005556B4 /* main.m */,
				2252AD5919407F1F005556B4 /* CircuitRacer-Prefix.pch */,
			);
			name = "Supporting Files";
			sourceTree = "<group>";
		};
		2252AD7519407F1F005556B4 /* CircuitRacerTests */ = {
			isa = PBXGroup;
			children = (
				2252AD7B19407F1F005556B4 /* CircuitRacerTests.m */,
				2252AD7619407F1F005556B4 /* Supporting Files */,
			);
			path = CircuitRacerTests;
			sourceTree = "<group>";
		};
		2252AD7619407F1F005556B4 /* Supporting Files */ = {
			isa = PBXGroup;
			children = (
				2252AD7719407F1F005556B4 /* CircuitRacerTests-Info.plist */,
				2252AD7819407F1F005556B4 /* InfoPlist.strings */,
			);
			name = "Supporting Files";
			sourceTree = "<group>";
		};
		2252AD8519407FA1005556B4 /* Art */ = {
			isa = PBXGroup;
			children = (
				2252AD8619407FA1005556B4 /* AchievementIcons */,
				2252AD8B19407FA1005556B4 /* Backgrounds */,
				2252AD9819407FA1005556B4 /* Images */,
				2252ADB519407FA1005556B4 /* Levels */,
				2252ADB719407FA1005556B4 /* Sounds */,
				2252ADBE19407FA1005556B4 /* sprites.atlas */,
			);
			path = Art;
			sourceTree = "<group>";
		};
		2252AD8619407FA1005556B4 /* AchievementIcons */ = {
			isa = PBXGroup;
			children = (
				2252AD8719407FA1005556B4 /* achievement-amateur.png */,
				2252AD8819407FA1005556B4 /* achievement-destruction.png */,
				2252AD8919407FA1005556B4 /* achievement-intermediate.png */,
				2252AD8A19407FA1005556B4 /* achievement-professional.png */,
			);
			path = AchievementIcons;
			sourceTree = "<group>";
		};
		2252AD8B19407FA1005556B4 /* Backgrounds */ = {
			isa = PBXGroup;
			children = (
				2252AD8C19407FA1005556B4 /* bg-main-menu.png */,
				2252AD8D19407FA1005556B4 /* bg-main-menu@2x.png */,
				2252AD8E19407FA1005556B4 /* bg-select-car.png */,
				2252AD8F19407FA1005556B4 /* bg-select-car@2x.png */,
				2252AD9019407FA1005556B4 /* bg-select-difficulty.png */,
				2252AD9119407FA1005556B4 /* bg-select-difficulty@2x.png */,
				2252AD9219407FA1005556B4 /* track_1.png */,
				2252AD9319407FA1005556B4 /* track_1@2x.png */,
				2252AD9419407FA1005556B4 /* track_2.png */,
				2252AD9519407FA1005556B4 /* track_2@2x.png */,
				2252AD9619407FA1005556B4 /* track_3.png */,
				2252AD9719407FA1005556B4 /* track_3@2x.png */,
			);
			path = Backgrounds;
			sourceTree = "<group>";
		};
		2252AD9819407FA1005556B4 /* Images */ = {
			isa = PBXGroup;
			children = (
				2252AD9919407FA1005556B4 /* base.png */,
				2252AD9A19407FA1005556B4 /* base@2x.png */,
				2252AD9B19407FA1005556B4 /* btn-back.png */,
				2252AD9C19407FA1005556B4 /* btn-back@2x.png */,
				2252AD9D19407FA1005556B4 /* btn-car1.png */,
				2252AD9E19407FA1005556B4 /* btn-car1@2x.png */,
				2252AD9F19407FA1005556B4 /* btn-car2.png */,
				2252ADA019407FA1005556B4 /* btn-car2@2x.png */,
				2252ADA119407FA1005556B4 /* btn-car3.png */,
				2252ADA219407FA1005556B4 /* btn-car3@2x.png */,
				2252ADA319407FA1005556B4 /* btn-easy.png */,
				2252ADA419407FA1005556B4 /* btn-easy@2x.png */,
				2252ADA519407FA1005556B4 /* btn-gamecenter.png */,
				2252ADA619407FA1005556B4 /* btn-gamecenter@2x.png */,
				2252ADA719407FA1005556B4 /* btn-hard.png */,
				2252ADA819407FA1005556B4 /* btn-hard@2x.png */,
				2252ADA919407FA1005556B4 /* btn-medium.png */,
				2252ADAA19407FA1005556B4 /* btn-medium@2x.png */,
				2252ADAB19407FA1005556B4 /* btn-pause.png */,
				2252ADAC19407FA1005556B4 /* btn-pause@2x.png */,
				2252ADAD19407FA1005556B4 /* btn-play.png */,
				2252ADAE19407FA1005556B4 /* btn-play@2x.png */,
				2252ADAF19407FA1005556B4 /* knob.png */,
				2252ADB019407FA1005556B4 /* knob@2x.png */,
				2252ADB119407FA1005556B4 /* steering-wheel-horn.png */,
				2252ADB219407FA1005556B4 /* steering-wheel-horn@2x.png */,
				2252ADB319407FA1005556B4 /* steering-wheel.png */,
				2252ADB419407FA1005556B4 /* steering-wheel@2x.png */,
			);
			path = Images;
			sourceTree = "<group>";
		};
		2252ADB519407FA1005556B4 /* Levels */ = {
			isa = PBXGroup;
			children = (
				2252ADB619407FA1005556B4 /* LevelDetails.plist */,
			);
			path = Levels;
			sourceTree = "<group>";
		};
		2252ADB719407FA1005556B4 /* Sounds */ = {
			isa = PBXGroup;
			children = (
				2252ADB819407FA1005556B4 /* box.wav */,
				2252ADB919407FA1005556B4 /* button_press.wav */,
				2252ADBA19407FA1005556B4 /* circuitracer.mp3 */,
				2252ADBB19407FA1005556B4 /* horn.wav */,
				2252ADBC19407FA1005556B4 /* lap.wav */,
				2252ADBD19407FA1005556B4 /* nitro.wav */,
			);
			path = Sounds;
			sourceTree = "<group>";
		};
/* End PBXGroup section */

/* Begin PBXNativeTarget section */
		2252AD4519407F1F005556B4 /* CircuitRacer */ = {
			isa = PBXNativeTarget;
			buildConfigurationList = 2252AD7F19407F1F005556B4 /* Build configuration list for PBXNativeTarget "CircuitRacer" */;
			buildPhases = (
				2252AD4219407F1F005556B4 /* Sources */,
				2252AD4319407F1F005556B4 /* Frameworks */,
				2252AD4419407F1F005556B4 /* Resources */,
			);
			buildRules = (
			);
			dependencies = (
			);
			name = CircuitRacer;
			productName = CircuitRacer;
			productReference = 2252AD4619407F1F005556B4 /* CircuitRacer.app */;
			productType = "com.apple.product-type.application";
		};
		2252AD6D19407F1F005556B4 /* CircuitRacerTests */ = {
			isa = PBXNativeTarget;
			buildConfigurationList = 2252AD8219407F1F005556B4 /* Build configuration list for PBXNativeTarget "CircuitRacerTests" */;
			buildPhases = (
				2252AD6A19407F1F005556B4 /* Sources */,
				2252AD6B19407F1F005556B4 /* Frameworks */,
				2252AD6C19407F1F005556B4 /* Resources */,
			);
			buildRules = (
			);
			dependencies = (
				2252AD7419407F1F005556B4 /* PBXTargetDependency */,
			);
			name = CircuitRacerTests;
			productName = CircuitRacerTests;
			productReference = 2252AD6E19407F1F005556B4 /* CircuitRacerTests.xctest */;
			productType = "com.apple.product-type.bundle.unit-test";
		};
/* End PBXNativeTarget section */

/* Begin PBXProject section */
		2252AD3E19407F1F005556B4 /* Project object */ = {
			isa = PBXProject;
			attributes = {
				LastUpgradeCheck = 0510;
				ORGANIZATIONNAME = KAjohansen;
				TargetAttributes = {
					2252AD6D19407F1F005556B4 = {
						TestTargetID = 2252AD4519407F1F005556B4;
					};
				};
			};
			buildConfigurationList = 2252AD4119407F1F005556B4 /* Build configuration list for PBXProject "CircuitRacer" */;
			compatibilityVersion = "Xcode 3.2";
			developmentRegion = English;
			hasScannedForEncodings = 0;
			knownRegions = (
				en,
				Base,
			);
			mainGroup = 2252AD3D19407F1F005556B4;
			productRefGroup = 2252AD4719407F1F005556B4 /* Products */;
			projectDirPath = "";
			projectRoot = "";
			targets = (
				2252AD4519407F1F005556B4 /* CircuitRacer */,
				2252AD6D19407F1F005556B4 /* CircuitRacerTests */,
			);
		};
/* End PBXProject section */

/* Begin PBXResourcesBuildPhase section */
		2252AD4419407F1F005556B4 /* Resources */ = {
			isa = PBXResourcesBuildPhase;
			buildActionMask = 2147483647;
			files = (
				2252ADE819407FA1005556B4 /* steering-wheel-horn@2x.png in Resources */,
				2252ADCA19407FA1005556B4 /* track_1@2x.png in Resources */,
				2252ADD919407FA1005556B4 /* btn-easy.png in Resources */,
				2252ADE719407FA1005556B4 /* steering-wheel-horn.png in Resources */,
				2252ADE119407FA1005556B4 /* btn-pause.png in Resources */,
				2252ADBF19407FA1005556B4 /* achievement-amateur.png in Resources */,
				2252AD5619407F1F005556B4 /* InfoPlist.strings in Resources */,
				2252ADC619407FA1005556B4 /* bg-select-car@2x.png in Resources */,
				2252ADC219407FA1005556B4 /* achievement-professional.png in Resources */,
				2252ADDC19407FA1005556B4 /* btn-gamecenter@2x.png in Resources */,
				2252ADC019407FA1005556B4 /* achievement-destruction.png in Resources */,
				2252ADD419407FA1005556B4 /* btn-car1@2x.png in Resources */,
				2252ADF019407FA1005556B4 /* lap.wav in Resources */,
				2252ADCE19407FA1005556B4 /* track_3@2x.png in Resources */,
				2252ADD119407FA1005556B4 /* btn-back.png in Resources */,
				2252ADE219407FA1005556B4 /* btn-pause@2x.png in Resources */,
				2252AD6919407F1F005556B4 /* Images.xcassets in Resources */,
				2252ADD319407FA1005556B4 /* btn-car1.png in Resources */,
				2252ADDD19407FA1005556B4 /* btn-hard.png in Resources */,
				2252ADE519407FA1005556B4 /* knob.png in Resources */,
				2252ADC419407FA1005556B4 /* bg-main-menu@2x.png in Resources */,
				2252ADE619407FA1005556B4 /* knob@2x.png in Resources */,
				2252ADE919407FA1005556B4 /* steering-wheel.png in Resources */,
				2252ADF119407FA1005556B4 /* nitro.wav in Resources */,
				2252ADCC19407FA1005556B4 /* track_2@2x.png in Resources */,
				2252ADDA19407FA1005556B4 /* btn-easy@2x.png in Resources */,
				2252ADC319407FA1005556B4 /* bg-main-menu.png in Resources */,
				2252ADC519407FA1005556B4 /* bg-select-car.png in Resources */,
				2252ADDE19407FA1005556B4 /* btn-hard@2x.png in Resources */,
				2252ADDF19407FA1005556B4 /* btn-medium.png in Resources */,
				2252ADCD19407FA1005556B4 /* track_3.png in Resources */,
				2252ADD619407FA1005556B4 /* btn-car2@2x.png in Resources */,
				2252ADC119407FA1005556B4 /* achievement-intermediate.png in Resources */,
				2252ADC919407FA1005556B4 /* track_1.png in Resources */,
				2252AD5F19407F1F005556B4 /* Main.storyboard in Resources */,
				2252ADCB19407FA1005556B4 /* track_2.png in Resources */,
				2252ADC819407FA1005556B4 /* bg-select-difficulty@2x.png in Resources */,
				2252ADC719407FA1005556B4 /* bg-select-difficulty.png in Resources */,
				2252ADEA19407FA1005556B4 /* steering-wheel@2x.png in Resources */,
				2252ADEE19407FA1005556B4 /* circuitracer.mp3 in Resources */,
				2252ADCF19407FA1005556B4 /* base.png in Resources */,
				2252ADF219407FA1005556B4 /* sprites.atlas in Resources */,
				2252ADD219407FA1005556B4 /* btn-back@2x.png in Resources */,
				2252ADEC19407FA1005556B4 /* box.wav in Resources */,
				2252ADEF19407FA1005556B4 /* horn.wav in Resources */,
				2252ADEB19407FA1005556B4 /* LevelDetails.plist in Resources */,
				2252ADE319407FA1005556B4 /* btn-play.png in Resources */,
				2252ADD519407FA1005556B4 /* btn-car2.png in Resources */,
				2252ADDB19407FA1005556B4 /* btn-gamecenter.png in Resources */,
				2252ADD019407FA1005556B4 /* base@2x.png in Resources */,
				2252ADD819407FA1005556B4 /* btn-car3@2x.png in Resources */,
				2252ADE019407FA1005556B4 /* btn-medium@2x.png in Resources */,
				2252ADED19407FA1005556B4 /* button_press.wav in Resources */,
				2252ADD719407FA1005556B4 /* btn-car3.png in Resources */,
				2252ADE419407FA1005556B4 /* btn-play@2x.png in Resources */,
			);
			runOnlyForDeploymentPostprocessing = 0;
		};
		2252AD6C19407F1F005556B4 /* Resources */ = {
			isa = PBXResourcesBuildPhase;
			buildActionMask = 2147483647;
			files = (
				2252AD7A19407F1F005556B4 /* InfoPlist.strings in Resources */,
			);
			runOnlyForDeploymentPostprocessing = 0;
		};
/* End PBXResourcesBuildPhase section */

/* Begin PBXSourcesBuildPhase section */
		2252AD4219407F1F005556B4 /* Sources */ = {
			isa = PBXSourcesBuildPhase;
			buildActionMask = 2147483647;
			files = (
				2252AD6519407F1F005556B4 /* MyScene.m in Sources */,
				2252AD6219407F1F005556B4 /* ViewController.m in Sources */,
				2252AD5C19407F1F005556B4 /* AppDelegate.m in Sources */,
				2252AD5819407F1F005556B4 /* main.m in Sources */,
			);
			runOnlyForDeploymentPostprocessing = 0;
		};
		2252AD6A19407F1F005556B4 /* Sources */ = {
			isa = PBXSourcesBuildPhase;
			buildActionMask = 2147483647;
			files = (
				2252AD7C19407F1F005556B4 /* CircuitRacerTests.m in Sources */,
			);
			runOnlyForDeploymentPostprocessing = 0;
		};
/* End PBXSourcesBuildPhase section */

/* Begin PBXTargetDependency section */
		2252AD7419407F1F005556B4 /* PBXTargetDependency */ = {
			isa = PBXTargetDependency;
			target = 2252AD4519407F1F005556B4 /* CircuitRacer */;
			targetProxy = 2252AD7319407F1F005556B4 /* PBXContainerItemProxy */;
		};
/* End PBXTargetDependency section */

/* Begin PBXVariantGroup section */
		2252AD5419407F1F005556B4 /* InfoPlist.strings */ = {
			isa = PBXVariantGroup;
			children = (
				2252AD5519407F1F005556B4 /* en */,
			);
			name = InfoPlist.strings;
			sourceTree = "<group>";
		};
		2252AD5D19407F1F005556B4 /* Main.storyboard */ = {
			isa = PBXVariantGroup;
			children = (
				2252AD5E19407F1F005556B4 /* Base */,
			);
			name = Main.storyboard;
			sourceTree = "<group>";
		};
		2252AD7819407F1F005556B4 /* InfoPlist.strings */ = {
			isa = PBXVariantGroup;
			children = (
				2252AD7919407F1F005556B4 /* en */,
			);
			name = InfoPlist.strings;
			sourceTree = "<group>";
		};
/* End PBXVariantGroup section */

/* Begin XCBuildConfiguration section */
		2252AD7D19407F1F005556B4 /* Debug */ = {
			isa = XCBuildConfiguration;
			buildSettings = {
				ALWAYS_SEARCH_USER_PATHS = NO;
				CLANG_CXX_LANGUAGE_STANDARD = "gnu++0x";
				CLANG_CXX_LIBRARY = "libc++";
				CLANG_ENABLE_MODULES = YES;
				CLANG_ENABLE_OBJC_ARC = YES;
				CLANG_WARN_BOOL_CONVERSION = YES;
				CLANG_WARN_CONSTANT_CONVERSION = YES;
				CLANG_WARN_DIRECT_OBJC_ISA_USAGE = YES_ERROR;
				CLANG_WARN_EMPTY_BODY = YES;
				CLANG_WARN_ENUM_CONVERSION = YES;
				CLANG_WARN_INT_CONVERSION = YES;
				CLANG_WARN_OBJC_ROOT_CLASS = YES_ERROR;
				CLANG_WARN__DUPLICATE_METHOD_MATCH = YES;
				"CODE_SIGN_IDENTITY[sdk=iphoneos*]" = "iPhone Developer";
				COPY_PHASE_STRIP = NO;
				GCC_C_LANGUAGE_STANDARD = gnu99;
				GCC_DYNAMIC_NO_PIC = NO;
				GCC_OPTIMIZATION_LEVEL = 0;
				GCC_PREPROCESSOR_DEFINITIONS = (
					"DEBUG=1",
					"$(inherited)",
				);
				GCC_SYMBOLS_PRIVATE_EXTERN = NO;
				GCC_WARN_64_TO_32_BIT_CONVERSION = YES;
				GCC_WARN_ABOUT_RETURN_TYPE = YES_ERROR;
				GCC_WARN_UNDECLARED_SELECTOR = YES;
				GCC_WARN_UNINITIALIZED_AUTOS = YES_AGGRESSIVE;
				GCC_WARN_UNUSED_FUNCTION = YES;
				GCC_WARN_UNUSED_VARIABLE = YES;
				IPHONEOS_DEPLOYMENT_TARGET = 7.1;
				ONLY_ACTIVE_ARCH = YES;
				SDKROOT = iphoneos;
			};
			name = Debug;
		};
		2252AD7E19407F1F005556B4 /* Release */ = {
			isa = XCBuildConfiguration;
			buildSettings = {
				ALWAYS_SEARCH_USER_PATHS = NO;
				CLANG_CXX_LANGUAGE_STANDARD = "gnu++0x";
				CLANG_CXX_LIBRARY = "libc++";
				CLANG_ENABLE_MODULES = YES;
				CLANG_ENABLE_OBJC_ARC = YES;
				CLANG_WARN_BOOL_CONVERSION = YES;
				CLANG_WARN_CONSTANT_CONVERSION = YES;
				CLANG_WARN_DIRECT_OBJC_ISA_USAGE = YES_ERROR;
				CLANG_WARN_EMPTY_BODY = YES;
				CLANG_WARN_ENUM_CONVERSION = YES;
				CLANG_WARN_INT_CONVERSION = YES;
				CLANG_WARN_OBJC_ROOT_CLASS = YES_ERROR;
				CLANG_WARN__DUPLICATE_METHOD_MATCH = YES;
				"CODE_SIGN_IDENTITY[sdk=iphoneos*]" = "iPhone Developer";
				COPY_PHASE_STRIP = YES;
				ENABLE_NS_ASSERTIONS = NO;
				GCC_C_LANGUAGE_STANDARD = gnu99;
				GCC_WARN_64_TO_32_BIT_CONVERSION = YES;
				GCC_WARN_ABOUT_RETURN_TYPE = YES_ERROR;
				GCC_WARN_UNDECLARED_SELECTOR = YES;
				GCC_WARN_UNINITIALIZED_AUTOS = YES_AGGRESSIVE;
				GCC_WARN_UNUSED_FUNCTION = YES;
				GCC_WARN_UNUSED_VARIABLE = YES;
				IPHONEOS_DEPLOYMENT_TARGET = 7.1;
				SDKROOT = iphoneos;
				VALIDATE_PRODUCT = YES;
			};
			name = Release;
		};
		2252AD8019407F1F005556B4 /* Debug */ = {
			isa = XCBuildConfiguration;
			buildSettings = {
				ASSETCATALOG_COMPILER_APPICON_NAME = AppIcon;
				ASSETCATALOG_COMPILER_LAUNCHIMAGE_NAME = LaunchImage;
				GCC_PRECOMPILE_PREFIX_HEADER = YES;
				GCC_PREFIX_HEADER = "CircuitRacer/CircuitRacer-Prefix.pch";
				INFOPLIST_FILE = "CircuitRacer/CircuitRacer-Info.plist";
				PRODUCT_NAME = "$(TARGET_NAME)";
				SPRITEKIT_TEXTURE_ATLAS_OUTPUT = YES;
				WRAPPER_EXTENSION = app;
			};
			name = Debug;
		};
		2252AD8119407F1F005556B4 /* Release */ = {
			isa = XCBuildConfiguration;
			buildSettings = {
				ASSETCATALOG_COMPILER_APPICON_NAME = AppIcon;
				ASSETCATALOG_COMPILER_LAUNCHIMAGE_NAME = LaunchImage;
				GCC_PRECOMPILE_PREFIX_HEADER = YES;
				GCC_PREFIX_HEADER = "CircuitRacer/CircuitRacer-Prefix.pch";
				INFOPLIST_FILE = "CircuitRacer/CircuitRacer-Info.plist";
				PRODUCT_NAME = "$(TARGET_NAME)";
				SPRITEKIT_TEXTURE_ATLAS_OUTPUT = YES;
				WRAPPER_EXTENSION = app;
			};
			name = Release;
		};
		2252AD8319407F1F005556B4 /* Debug */ = {
			isa = XCBuildConfiguration;
			buildSettings = {
				BUNDLE_LOADER = "$(BUILT_PRODUCTS_DIR)/CircuitRacer.app/CircuitRacer";
				FRAMEWORK_SEARCH_PATHS = (
					"$(SDKROOT)/Developer/Library/Frameworks",
					"$(inherited)",
					"$(DEVELOPER_FRAMEWORKS_DIR)",
				);
				GCC_PRECOMPILE_PREFIX_HEADER = YES;
				GCC_PREFIX_HEADER = "CircuitRacer/CircuitRacer-Prefix.pch";
				GCC_PREPROCESSOR_DEFINITIONS = (
					"DEBUG=1",
					"$(inherited)",
				);
				INFOPLIST_FILE = "CircuitRacerTests/CircuitRacerTests-Info.plist";
				PRODUCT_NAME = "$(TARGET_NAME)";
				TEST_HOST = "$(BUNDLE_LOADER)";
				WRAPPER_EXTENSION = xctest;
			};
			name = Debug;
		};
		2252AD8419407F1F005556B4 /* Release */ = {
			isa = XCBuildConfiguration;
			buildSettings = {
				BUNDLE_LOADER = "$(BUILT_PRODUCTS_DIR)/CircuitRacer.app/CircuitRacer";
				FRAMEWORK_SEARCH_PATHS = (
					"$(SDKROOT)/Developer/Library/Frameworks",
					"$(inherited)",
					"$(DEVELOPER_FRAMEWORKS_DIR)",
				);
				GCC_PRECOMPILE_PREFIX_HEADER = YES;
				GCC_PREFIX_HEADER = "CircuitRacer/CircuitRacer-Prefix.pch";
				INFOPLIST_FILE = "CircuitRacerTests/CircuitRacerTests-Info.plist";
				PRODUCT_NAME = "$(TARGET_NAME)";
				TEST_HOST = "$(BUNDLE_LOADER)";
				WRAPPER_EXTENSION = xctest;
			};
			name = Release;
		};
/* End XCBuildConfiguration section */

/* Begin XCConfigurationList section */
		2252AD4119407F1F005556B4 /* Build configuration list for PBXProject "CircuitRacer" */ = {
			isa = XCConfigurationList;
			buildConfigurations = (
				2252AD7D19407F1F005556B4 /* Debug */,
				2252AD7E19407F1F005556B4 /* Release */,
			);
			defaultConfigurationIsVisible = 0;
			defaultConfigurationName = Release;
		};
		2252AD7F19407F1F005556B4 /* Build configuration list for PBXNativeTarget "CircuitRacer" */ = {
			isa = XCConfigurationList;
			buildConfigurations = (
				2252AD8019407F1F005556B4 /* Debug */,
				2252AD8119407F1F005556B4 /* Release */,
			);
			defaultConfigurationIsVisible = 0;
		};
		2252AD8219407F1F005556B4 /* Build configuration list for PBXNativeTarget "CircuitRacerTests" */ = {
			isa = XCConfigurationList;
			buildConfigurations = (
				2252AD8319407F1F005556B4 /* Debug */,
				2252AD8419407F1F005556B4 /* Release */,
			);
			defaultConfigurationIsVisible = 0;
		};
/* End XCConfigurationList section */
	};
	rootObject = 2252AD3E19407F1F005556B4 /* Project object */;
}
