// !$*UTF8*$!
{
	archiveVersion = 1;
	classes = {
	};
	objectVersion = 46;
	objects = {

/* Begin PBXBuildFile section */
		2252AC2E194078F3005556B4 /* Foundation.framework in Frameworks */ = {isa = PBXBuildFile; fileRef = 2252AC2D194078F3005556B4 /* Foundation.framework */; };
		2252AC30194078F3005556B4 /* CoreGraphics.framework in Frameworks */ = {isa = PBXBuildFile; fileRef = 2252AC2F194078F3005556B4 /* CoreGraphics.framework */; };
		2252AC32194078F3005556B4 /* UIKit.framework in Frameworks */ = {isa = PBXBuildFile; fileRef = 2252AC31194078F3005556B4 /* UIKit.framework */; };
		2252AC34194078F3005556B4 /* SpriteKit.framework in Frameworks */ = {isa = PBXBuildFile; fileRef = 2252AC33194078F3005556B4 /* SpriteKit.framework */; };
		2252AC3A194078F3005556B4 /* InfoPlist.strings in Resources */ = {isa = PBXBuildFile; fileRef = 2252AC38194078F3005556B4 /* InfoPlist.strings */; };
		2252AC3C194078F3005556B4 /* main.m in Sources */ = {isa = PBXBuildFile; fileRef = 2252AC3B194078F3005556B4 /* main.m */; };
		2252AC40194078F3005556B4 /* AppDelegate.m in Sources */ = {isa = PBXBuildFile; fileRef = 2252AC3F194078F3005556B4 /* AppDelegate.m */; };
		2252AC43194078F3005556B4 /* Main.storyboard in Resources */ = {isa = PBXBuildFile; fileRef = 2252AC41194078F3005556B4 /* Main.storyboard */; };
		2252AC46194078F3005556B4 /* ViewController.m in Sources */ = {isa = PBXBuildFile; fileRef = 2252AC45194078F3005556B4 /* ViewController.m */; };
		2252AC49194078F3005556B4 /* MyScene.m in Sources */ = {isa = PBXBuildFile; fileRef = 2252AC48194078F3005556B4 /* MyScene.m */; };
		2252AC4D194078F3005556B4 /* Images.xcassets in Resources */ = {isa = PBXBuildFile; fileRef = 2252AC4C194078F3005556B4 /* Images.xcassets */; };
		2252AC54194078F3005556B4 /* XCTest.framework in Frameworks */ = {isa = PBXBuildFile; fileRef = 2252AC53194078F3005556B4 /* XCTest.framework */; };
		2252AC55194078F3005556B4 /* Foundation.framework in Frameworks */ = {isa = PBXBuildFile; fileRef = 2252AC2D194078F3005556B4 /* Foundation.framework */; };
		2252AC56194078F3005556B4 /* UIKit.framework in Frameworks */ = {isa = PBXBuildFile; fileRef = 2252AC31194078F3005556B4 /* UIKit.framework */; };
		2252AC5E194078F3005556B4 /* InfoPlist.strings in Resources */ = {isa = PBXBuildFile; fileRef = 2252AC5C194078F3005556B4 /* InfoPlist.strings */; };
		2252AC60194078F3005556B4 /* SpriteKitPhysicsTestTests.m in Sources */ = {isa = PBXBuildFile; fileRef = 2252AC5F194078F3005556B4 /* SpriteKitPhysicsTestTests.m */; };
		2252AC6F19407971005556B4 /* circle.png in Resources */ = {isa = PBXBuildFile; fileRef = 2252AC6A19407971005556B4 /* circle.png */; };
		2252AC7019407971005556B4 /* octagon.png in Resources */ = {isa = PBXBuildFile; fileRef = 2252AC6B19407971005556B4 /* octagon.png */; };
		2252AC7119407971005556B4 /* sand.png in Resources */ = {isa = PBXBuildFile; fileRef = 2252AC6C19407971005556B4 /* sand.png */; };
		2252AC7219407971005556B4 /* square.png in Resources */ = {isa = PBXBuildFile; fileRef = 2252AC6D19407971005556B4 /* square.png */; };
		2252AC7319407971005556B4 /* triangle.png in Resources */ = {isa = PBXBuildFile; fileRef = 2252AC6E19407971005556B4 /* triangle.png */; };
/* End PBXBuildFile section */

/* Begin PBXContainerItemProxy section */
		2252AC57194078F3005556B4 /* PBXContainerItemProxy */ = {
			isa = PBXContainerItemProxy;
			containerPortal = 2252AC22194078F3005556B4 /* Project object */;
			proxyType = 1;
			remoteGlobalIDString = 2252AC29194078F3005556B4;
			remoteInfo = SpriteKitPhysicsTest;
		};
/* End PBXContainerItemProxy section */

/* Begin PBXFileReference section */
		2252AC2A194078F3005556B4 /* SpriteKitPhysicsTest.app */ = {isa = PBXFileReference; explicitFileType = wrapper.application; includeInIndex = 0; path = SpriteKitPhysicsTest.app; sourceTree = BUILT_PRODUCTS_DIR; };
		2252AC2D194078F3005556B4 /* Foundation.framework */ = {isa = PBXFileReference; lastKnownFileType = wrapper.framework; name = Foundation.framework; path = System/Library/Frameworks/Foundation.framework; sourceTree = SDKROOT; };
		2252AC2F194078F3005556B4 /* CoreGraphics.framework */ = {isa = PBXFileReference; lastKnownFileType = wrapper.framework; name = CoreGraphics.framework; path = System/Library/Frameworks/CoreGraphics.framework; sourceTree = SDKROOT; };
		2252AC31194078F3005556B4 /* UIKit.framework */ = {isa = PBXFileReference; lastKnownFileType = wrapper.framework; name = UIKit.framework; path = System/Library/Frameworks/UIKit.framework; sourceTree = SDKROOT; };
		2252AC33194078F3005556B4 /* SpriteKit.framework */ = {isa = PBXFileReference; lastKnownFileType = wrapper.framework; name = SpriteKit.framework; path = System/Library/Frameworks/SpriteKit.framework; sourceTree = SDKROOT; };
		2252AC37194078F3005556B4 /* SpriteKitPhysicsTest-Info.plist */ = {isa = PBXFileReference; lastKnownFileType = text.plist.xml; path = "SpriteKitPhysicsTest-Info.plist"; sourceTree = "<group>"; };
		2252AC39194078F3005556B4 /* en */ = {isa = PBXFileReference; lastKnownFileType = text.plist.strings; name = en; path = en.lproj/InfoPlist.strings; sourceTree = "<group>"; };
		2252AC3B194078F3005556B4 /* main.m */ = {isa = PBXFileReference; lastKnownFileType = sourcecode.c.objc; path = main.m; sourceTree = "<group>"; };
		2252AC3D194078F3005556B4 /* SpriteKitPhysicsTest-Prefix.pch */ = {isa = PBXFileReference; lastKnownFileType = sourcecode.c.h; path = "SpriteKitPhysicsTest-Prefix.pch"; sourceTree = "<group>"; };
		2252AC3E194078F3005556B4 /* AppDelegate.h */ = {isa = PBXFileReference; lastKnownFileType = sourcecode.c.h; path = AppDelegate.h; sourceTree = "<group>"; };
		2252AC3F194078F3005556B4 /* AppDelegate.m */ = {isa = PBXFileReference; lastKnownFileType = sourcecode.c.objc; path = AppDelegate.m; sourceTree = "<group>"; };
		2252AC42194078F3005556B4 /* Base */ = {isa = PBXFileReference; lastKnownFileType = file.storyboard; name = Base; path = Base.lproj/Main.storyboard; sourceTree = "<group>"; };
		2252AC44194078F3005556B4 /* ViewController.h */ = {isa = PBXFileReference; lastKnownFileType = sourcecode.c.h; path = ViewController.h; sourceTree = "<group>"; };
		2252AC45194078F3005556B4 /* ViewController.m */ = {isa = PBXFileReference; lastKnownFileType = sourcecode.c.objc; path = ViewController.m; sourceTree = "<group>"; };
		2252AC47194078F3005556B4 /* MyScene.h */ = {isa = PBXFileReference; lastKnownFileType = sourcecode.c.h; path = MyScene.h; sourceTree = "<group>"; };
		2252AC48194078F3005556B4 /* MyScene.m */ = {isa = PBXFileReference; lastKnownFileType = sourcecode.c.objc; path = MyScene.m; sourceTree = "<group>"; };
		2252AC4C194078F3005556B4 /* Images.xcassets */ = {isa = PBXFileReference; lastKnownFileType = folder.assetcatalog; path = Images.xcassets; sourceTree = "<group>"; };
		2252AC52194078F3005556B4 /* SpriteKitPhysicsTestTests.xctest */ = {isa = PBXFileReference; explicitFileType = wrapper.cfbundle; includeInIndex = 0; path = SpriteKitPhysicsTestTests.xctest; sourceTree = BUILT_PRODUCTS_DIR; };
		2252AC53194078F3005556B4 /* XCTest.framework */ = {isa = PBXFileReference; lastKnownFileType = wrapper.framework; name = XCTest.framework; path = Library/Frameworks/XCTest.framework; sourceTree = DEVELOPER_DIR; };
		2252AC5B194078F3005556B4 /* SpriteKitPhysicsTestTests-Info.plist */ = {isa = PBXFileReference; lastKnownFileType = text.plist.xml; path = "SpriteKitPhysicsTestTests-Info.plist"; sourceTree = "<group>"; };
		2252AC5D194078F3005556B4 /* en */ = {isa = PBXFileReference; lastKnownFileType = text.plist.strings; name = en; path = en.lproj/InfoPlist.strings; sourceTree = "<group>"; };
		2252AC5F194078F3005556B4 /* SpriteKitPhysicsTestTests.m */ = {isa = PBXFileReference; lastKnownFileType = sourcecode.c.objc; path = SpriteKitPhysicsTestTests.m; sourceTree = "<group>"; };
		2252AC6A19407971005556B4 /* circle.png */ = {isa = PBXFileReference; lastKnownFileType = image.png; path = circle.png; sourceTree = "<group>"; };
		2252AC6B19407971005556B4 /* octagon.png */ = {isa = PBXFileReference; lastKnownFileType = image.png; path = octagon.png; sourceTree = "<group>"; };
		2252AC6C19407971005556B4 /* sand.png */ = {isa = PBXFileReference; lastKnownFileType = image.png; path = sand.png; sourceTree = "<group>"; };
		2252AC6D19407971005556B4 /* square.png */ = {isa = PBXFileReference; lastKnownFileType = image.png; path = square.png; sourceTree = "<group>"; };
		2252AC6E19407971005556B4 /* triangle.png */ = {isa = PBXFileReference; lastKnownFileType = image.png; path = triangle.png; sourceTree = "<group>"; };
/* End PBXFileReference section */

/* Begin PBXFrameworksBuildPhase section */
		2252AC27194078F3005556B4 /* Frameworks */ = {
			isa = PBXFrameworksBuildPhase;
			buildActionMask = 2147483647;
			files = (
				2252AC30194078F3005556B4 /* CoreGraphics.framework in Frameworks */,
				2252AC32194078F3005556B4 /* UIKit.framework in Frameworks */,
				2252AC34194078F3005556B4 /* SpriteKit.framework in Frameworks */,
				2252AC2E194078F3005556B4 /* Foundation.framework in Frameworks */,
			);
			runOnlyForDeploymentPostprocessing = 0;
		};
		2252AC4F194078F3005556B4 /* Frameworks */ = {
			isa = PBXFrameworksBuildPhase;
			buildActionMask = 2147483647;
			files = (
				2252AC54194078F3005556B4 /* XCTest.framework in Frameworks */,
				2252AC56194078F3005556B4 /* UIKit.framework in Frameworks */,
				2252AC55194078F3005556B4 /* Foundation.framework in Frameworks */,
			);
			runOnlyForDeploymentPostprocessing = 0;
		};
/* End PBXFrameworksBuildPhase section */

/* Begin PBXGroup section */
		2252AC21194078F3005556B4 = {
			isa = PBXGroup;
			children = (
				2252AC35194078F3005556B4 /* SpriteKitPhysicsTest */,
				2252AC59194078F3005556B4 /* SpriteKitPhysicsTestTests */,
				2252AC2C194078F3005556B4 /* Frameworks */,
				2252AC2B194078F3005556B4 /* Products */,
			);
			sourceTree = "<group>";
		};
		2252AC2B194078F3005556B4 /* Products */ = {
			isa = PBXGroup;
			children = (
				2252AC2A194078F3005556B4 /* SpriteKitPhysicsTest.app */,
				2252AC52194078F3005556B4 /* SpriteKitPhysicsTestTests.xctest */,
			);
			name = Products;
			sourceTree = "<group>";
		};
		2252AC2C194078F3005556B4 /* Frameworks */ = {
			isa = PBXGroup;
			children = (
				2252AC2D194078F3005556B4 /* Foundation.framework */,
				2252AC2F194078F3005556B4 /* CoreGraphics.framework */,
				2252AC31194078F3005556B4 /* UIKit.framework */,
				2252AC33194078F3005556B4 /* SpriteKit.framework */,
				2252AC53194078F3005556B4 /* XCTest.framework */,
			);
			name = Frameworks;
			sourceTree = "<group>";
		};
		2252AC35194078F3005556B4 /* SpriteKitPhysicsTest */ = {
			isa = PBXGroup;
			children = (
				2252AC6919407971005556B4 /* Shapes */,
				2252AC3E194078F3005556B4 /* AppDelegate.h */,
				2252AC3F194078F3005556B4 /* AppDelegate.m */,
				2252AC41194078F3005556B4 /* Main.storyboard */,
				2252AC44194078F3005556B4 /* ViewController.h */,
				2252AC45194078F3005556B4 /* ViewController.m */,
				2252AC47194078F3005556B4 /* MyScene.h */,
				2252AC48194078F3005556B4 /* MyScene.m */,
				2252AC4C194078F3005556B4 /* Images.xcassets */,
				2252AC36194078F3005556B4 /* Supporting Files */,
			);
			path = SpriteKitPhysicsTest;
			sourceTree = "<group>";
		};
		2252AC36194078F3005556B4 /* Supporting Files */ = {
			isa = PBXGroup;
			children = (
				2252AC37194078F3005556B4 /* SpriteKitPhysicsTest-Info.plist */,
				2252AC38194078F3005556B4 /* InfoPlist.strings */,
				2252AC3B194078F3005556B4 /* main.m */,
				2252AC3D194078F3005556B4 /* SpriteKitPhysicsTest-Prefix.pch */,
			);
			name = "Supporting Files";
			sourceTree = "<group>";
		};
		2252AC59194078F3005556B4 /* SpriteKitPhysicsTestTests */ = {
			isa = PBXGroup;
			children = (
				2252AC5F194078F3005556B4 /* SpriteKitPhysicsTestTests.m */,
				2252AC5A194078F3005556B4 /* Supporting Files */,
			);
			path = SpriteKitPhysicsTestTests;
			sourceTree = "<group>";
		};
		2252AC5A194078F3005556B4 /* Supporting Files */ = {
			isa = PBXGroup;
			children = (
				2252AC5B194078F3005556B4 /* SpriteKitPhysicsTestTests-Info.plist */,
				2252AC5C194078F3005556B4 /* InfoPlist.strings */,
			);
			name = "Supporting Files";
			sourceTree = "<group>";
		};
		2252AC6919407971005556B4 /* Shapes */ = {
			isa = PBXGroup;
			children = (
				2252AC6A19407971005556B4 /* circle.png */,
				2252AC6B19407971005556B4 /* octagon.png */,
				2252AC6C19407971005556B4 /* sand.png */,
				2252AC6D19407971005556B4 /* square.png */,
				2252AC6E19407971005556B4 /* triangle.png */,
			);
			path = Shapes;
			sourceTree = "<group>";
		};
/* End PBXGroup section */

/* Begin PBXNativeTarget section */
		2252AC29194078F3005556B4 /* SpriteKitPhysicsTest */ = {
			isa = PBXNativeTarget;
			buildConfigurationList = 2252AC63194078F3005556B4 /* Build configuration list for PBXNativeTarget "SpriteKitPhysicsTest" */;
			buildPhases = (
				2252AC26194078F3005556B4 /* Sources */,
				2252AC27194078F3005556B4 /* Frameworks */,
				2252AC28194078F3005556B4 /* Resources */,
			);
			buildRules = (
			);
			dependencies = (
			);
			name = SpriteKitPhysicsTest;
			productName = SpriteKitPhysicsTest;
			productReference = 2252AC2A194078F3005556B4 /* SpriteKitPhysicsTest.app */;
			productType = "com.apple.product-type.application";
		};
		2252AC51194078F3005556B4 /* SpriteKitPhysicsTestTests */ = {
			isa = PBXNativeTarget;
			buildConfigurationList = 2252AC66194078F3005556B4 /* Build configuration list for PBXNativeTarget "SpriteKitPhysicsTestTests" */;
			buildPhases = (
				2252AC4E194078F3005556B4 /* Sources */,
				2252AC4F194078F3005556B4 /* Frameworks */,
				2252AC50194078F3005556B4 /* Resources */,
			);
			buildRules = (
			);
			dependencies = (
				2252AC58194078F3005556B4 /* PBXTargetDependency */,
			);
			name = SpriteKitPhysicsTestTests;
			productName = SpriteKitPhysicsTestTests;
			productReference = 2252AC52194078F3005556B4 /* SpriteKitPhysicsTestTests.xctest */;
			productType = "com.apple.product-type.bundle.unit-test";
		};
/* End PBXNativeTarget section */

/* Begin PBXProject section */
		2252AC22194078F3005556B4 /* Project object */ = {
			isa = PBXProject;
			attributes = {
				LastUpgradeCheck = 0510;
				ORGANIZATIONNAME = KAjohansen;
				TargetAttributes = {
					2252AC51194078F3005556B4 = {
						TestTargetID = 2252AC29194078F3005556B4;
					};
				};
			};
			buildConfigurationList = 2252AC25194078F3005556B4 /* Build configuration list for PBXProject "SpriteKitPhysicsTest" */;
			compatibilityVersion = "Xcode 3.2";
			developmentRegion = English;
			hasScannedForEncodings = 0;
			knownRegions = (
				en,
				Base,
			);
			mainGroup = 2252AC21194078F3005556B4;
			productRefGroup = 2252AC2B194078F3005556B4 /* Products */;
			projectDirPath = "";
			projectRoot = "";
			targets = (
				2252AC29194078F3005556B4 /* SpriteKitPhysicsTest */,
				2252AC51194078F3005556B4 /* SpriteKitPhysicsTestTests */,
			);
		};
/* End PBXProject section */

/* Begin PBXResourcesBuildPhase section */
		2252AC28194078F3005556B4 /* Resources */ = {
			isa = PBXResourcesBuildPhase;
			buildActionMask = 2147483647;
			files = (
				2252AC3A194078F3005556B4 /* InfoPlist.strings in Resources */,
				2252AC4D194078F3005556B4 /* Images.xcassets in Resources */,
				2252AC7019407971005556B4 /* octagon.png in Resources */,
				2252AC7219407971005556B4 /* square.png in Resources */,
				2252AC43194078F3005556B4 /* Main.storyboard in Resources */,
				2252AC7319407971005556B4 /* triangle.png in Resources */,
				2252AC6F19407971005556B4 /* circle.png in Resources */,
				2252AC7119407971005556B4 /* sand.png in Resources */,
			);
			runOnlyForDeploymentPostprocessing = 0;
		};
		2252AC50194078F3005556B4 /* Resources */ = {
			isa = PBXResourcesBuildPhase;
			buildActionMask = 2147483647;
			files = (
				2252AC5E194078F3005556B4 /* InfoPlist.strings in Resources */,
			);
			runOnlyForDeploymentPostprocessing = 0;
		};
/* End PBXResourcesBuildPhase section */

/* Begin PBXSourcesBuildPhase section */
		2252AC26194078F3005556B4 /* Sources */ = {
			isa = PBXSourcesBuildPhase;
			buildActionMask = 2147483647;
			files = (
				2252AC49194078F3005556B4 /* MyScene.m in Sources */,
				2252AC46194078F3005556B4 /* ViewController.m in Sources */,
				2252AC40194078F3005556B4 /* AppDelegate.m in Sources */,
				2252AC3C194078F3005556B4 /* main.m in Sources */,
			);
			runOnlyForDeploymentPostprocessing = 0;
		};
		2252AC4E194078F3005556B4 /* Sources */ = {
			isa = PBXSourcesBuildPhase;
			buildActionMask = 2147483647;
			files = (
				2252AC60194078F3005556B4 /* SpriteKitPhysicsTestTests.m in Sources */,
			);
			runOnlyForDeploymentPostprocessing = 0;
		};
/* End PBXSourcesBuildPhase section */

/* Begin PBXTargetDependency section */
		2252AC58194078F3005556B4 /* PBXTargetDependency */ = {
			isa = PBXTargetDependency;
			target = 2252AC29194078F3005556B4 /* SpriteKitPhysicsTest */;
			targetProxy = 2252AC57194078F3005556B4 /* PBXContainerItemProxy */;
		};
/* End PBXTargetDependency section */

/* Begin PBXVariantGroup section */
		2252AC38194078F3005556B4 /* InfoPlist.strings */ = {
			isa = PBXVariantGroup;
			children = (
				2252AC39194078F3005556B4 /* en */,
			);
			name = InfoPlist.strings;
			sourceTree = "<group>";
		};
		2252AC41194078F3005556B4 /* Main.storyboard */ = {
			isa = PBXVariantGroup;
			children = (
				2252AC42194078F3005556B4 /* Base */,
			);
			name = Main.storyboard;
			sourceTree = "<group>";
		};
		2252AC5C194078F3005556B4 /* InfoPlist.strings */ = {
			isa = PBXVariantGroup;
			children = (
				2252AC5D194078F3005556B4 /* en */,
			);
			name = InfoPlist.strings;
			sourceTree = "<group>";
		};
/* End PBXVariantGroup section */

/* Begin XCBuildConfiguration section */
		2252AC61194078F3005556B4 /* Debug */ = {
			isa = XCBuildConfiguration;
			buildSettings = {
				ALWAYS_SEARCH_USER_PATHS = NO;
				CLANG_CXX_LANGUAGE_STANDARD = "gnu++0x";
				CLANG_CXX_LIBRARY = "libc++";
				CLANG_ENABLE_MODULES = YES;
				CLANG_ENABLE_OBJC_ARC = YES;
				CLANG_WARN_BOOL_CONVERSION = YES;
				CLANG_WARN_CONSTANT_CONVERSION = YES;
				CLANG_WARN_DIRECT_OBJC_ISA_USAGE = YES_ERROR;
				CLANG_WARN_EMPTY_BODY = YES;
				CLANG_WARN_ENUM_CONVERSION = YES;
				CLANG_WARN_INT_CONVERSION = YES;
				CLANG_WARN_OBJC_ROOT_CLASS = YES_ERROR;
				CLANG_WARN__DUPLICATE_METHOD_MATCH = YES;
				"CODE_SIGN_IDENTITY[sdk=iphoneos*]" = "iPhone Developer";
				COPY_PHASE_STRIP = NO;
				GCC_C_LANGUAGE_STANDARD = gnu99;
				GCC_DYNAMIC_NO_PIC = NO;
				GCC_OPTIMIZATION_LEVEL = 0;
				GCC_PREPROCESSOR_DEFINITIONS = (
					"DEBUG=1",
					"$(inherited)",
				);
				GCC_SYMBOLS_PRIVATE_EXTERN = NO;
				GCC_WARN_64_TO_32_BIT_CONVERSION = YES;
				GCC_WARN_ABOUT_RETURN_TYPE = YES_ERROR;
				GCC_WARN_UNDECLARED_SELECTOR = YES;
				GCC_WARN_UNINITIALIZED_AUTOS = YES_AGGRESSIVE;
				GCC_WARN_UNUSED_FUNCTION = YES;
				GCC_WARN_UNUSED_VARIABLE = YES;
				IPHONEOS_DEPLOYMENT_TARGET = 7.1;
				ONLY_ACTIVE_ARCH = YES;
				SDKROOT = iphoneos;
			};
			name = Debug;
		};
		2252AC62194078F3005556B4 /* Release */ = {
			isa = XCBuildConfiguration;
			buildSettings = {
				ALWAYS_SEARCH_USER_PATHS = NO;
				CLANG_CXX_LANGUAGE_STANDARD = "gnu++0x";
				CLANG_CXX_LIBRARY = "libc++";
				CLANG_ENABLE_MODULES = YES;
				CLANG_ENABLE_OBJC_ARC = YES;
				CLANG_WARN_BOOL_CONVERSION = YES;
				CLANG_WARN_CONSTANT_CONVERSION = YES;
				CLANG_WARN_DIRECT_OBJC_ISA_USAGE = YES_ERROR;
				CLANG_WARN_EMPTY_BODY = YES;
				CLANG_WARN_ENUM_CONVERSION = YES;
				CLANG_WARN_INT_CONVERSION = YES;
				CLANG_WARN_OBJC_ROOT_CLASS = YES_ERROR;
				CLANG_WARN__DUPLICATE_METHOD_MATCH = YES;
				"CODE_SIGN_IDENTITY[sdk=iphoneos*]" = "iPhone Developer";
				COPY_PHASE_STRIP = YES;
				ENABLE_NS_ASSERTIONS = NO;
				GCC_C_LANGUAGE_STANDARD = gnu99;
				GCC_WARN_64_TO_32_BIT_CONVERSION = YES;
				GCC_WARN_ABOUT_RETURN_TYPE = YES_ERROR;
				GCC_WARN_UNDECLARED_SELECTOR = YES;
				GCC_WARN_UNINITIALIZED_AUTOS = YES_AGGRESSIVE;
				GCC_WARN_UNUSED_FUNCTION = YES;
				GCC_WARN_UNUSED_VARIABLE = YES;
				IPHONEOS_DEPLOYMENT_TARGET = 7.1;
				SDKROOT = iphoneos;
				VALIDATE_PRODUCT = YES;
			};
			name = Release;
		};
		2252AC64194078F3005556B4 /* Debug */ = {
			isa = XCBuildConfiguration;
			buildSettings = {
				ASSETCATALOG_COMPILER_APPICON_NAME = AppIcon;
				ASSETCATALOG_COMPILER_LAUNCHIMAGE_NAME = LaunchImage;
				GCC_PRECOMPILE_PREFIX_HEADER = YES;
				GCC_PREFIX_HEADER = "SpriteKitPhysicsTest/SpriteKitPhysicsTest-Prefix.pch";
				INFOPLIST_FILE = "SpriteKitPhysicsTest/SpriteKitPhysicsTest-Info.plist";
				PRODUCT_NAME = "$(TARGET_NAME)";
				SPRITEKIT_TEXTURE_ATLAS_OUTPUT = YES;
				WRAPPER_EXTENSION = app;
			};
			name = Debug;
		};
		2252AC65194078F3005556B4 /* Release */ = {
			isa = XCBuildConfiguration;
			buildSettings = {
				ASSETCATALOG_COMPILER_APPICON_NAME = AppIcon;
				ASSETCATALOG_COMPILER_LAUNCHIMAGE_NAME = LaunchImage;
				GCC_PRECOMPILE_PREFIX_HEADER = YES;
				GCC_PREFIX_HEADER = "SpriteKitPhysicsTest/SpriteKitPhysicsTest-Prefix.pch";
				INFOPLIST_FILE = "SpriteKitPhysicsTest/SpriteKitPhysicsTest-Info.plist";
				PRODUCT_NAME = "$(TARGET_NAME)";
				SPRITEKIT_TEXTURE_ATLAS_OUTPUT = YES;
				WRAPPER_EXTENSION = app;
			};
			name = Release;
		};
		2252AC67194078F3005556B4 /* Debug */ = {
			isa = XCBuildConfiguration;
			buildSettings = {
				BUNDLE_LOADER = "$(BUILT_PRODUCTS_DIR)/SpriteKitPhysicsTest.app/SpriteKitPhysicsTest";
				FRAMEWORK_SEARCH_PATHS = (
					"$(SDKROOT)/Developer/Library/Frameworks",
					"$(inherited)",
					"$(DEVELOPER_FRAMEWORKS_DIR)",
				);
				GCC_PRECOMPILE_PREFIX_HEADER = YES;
				GCC_PREFIX_HEADER = "SpriteKitPhysicsTest/SpriteKitPhysicsTest-Prefix.pch";
				GCC_PREPROCESSOR_DEFINITIONS = (
					"DEBUG=1",
					"$(inherited)",
				);
				INFOPLIST_FILE = "SpriteKitPhysicsTestTests/SpriteKitPhysicsTestTests-Info.plist";
				PRODUCT_NAME = "$(TARGET_NAME)";
				TEST_HOST = "$(BUNDLE_LOADER)";
				WRAPPER_EXTENSION = xctest;
			};
			name = Debug;
		};
		2252AC68194078F3005556B4 /* Release */ = {
			isa = XCBuildConfiguration;
			buildSettings = {
				BUNDLE_LOADER = "$(BUILT_PRODUCTS_DIR)/SpriteKitPhysicsTest.app/SpriteKitPhysicsTest";
				FRAMEWORK_SEARCH_PATHS = (
					"$(SDKROOT)/Developer/Library/Frameworks",
					"$(inherited)",
					"$(DEVELOPER_FRAMEWORKS_DIR)",
				);
				GCC_PRECOMPILE_PREFIX_HEADER = YES;
				GCC_PREFIX_HEADER = "SpriteKitPhysicsTest/SpriteKitPhysicsTest-Prefix.pch";
				INFOPLIST_FILE = "SpriteKitPhysicsTestTests/SpriteKitPhysicsTestTests-Info.plist";
				PRODUCT_NAME = "$(TARGET_NAME)";
				TEST_HOST = "$(BUNDLE_LOADER)";
				WRAPPER_EXTENSION = xctest;
			};
			name = Release;
		};
/* End XCBuildConfiguration section */

/* Begin XCConfigurationList section */
		2252AC25194078F3005556B4 /* Build configuration list for PBXProject "SpriteKitPhysicsTest" */ = {
			isa = XCConfigurationList;
			buildConfigurations = (
				2252AC61194078F3005556B4 /* Debug */,
				2252AC62194078F3005556B4 /* Release */,
			);
			defaultConfigurationIsVisible = 0;
			defaultConfigurationName = Release;
		};
		2252AC63194078F3005556B4 /* Build configuration list for PBXNativeTarget "SpriteKitPhysicsTest" */ = {
			isa = XCConfigurationList;
			buildConfigurations = (
				2252AC64194078F3005556B4 /* Debug */,
				2252AC65194078F3005556B4 /* Release */,
			);
			defaultConfigurationIsVisible = 0;
		};
		2252AC66194078F3005556B4 /* Build configuration list for PBXNativeTarget "SpriteKitPhysicsTestTests" */ = {
			isa = XCConfigurationList;
			buildConfigurations = (
				2252AC67194078F3005556B4 /* Debug */,
				2252AC68194078F3005556B4 /* Release */,
			);
			defaultConfigurationIsVisible = 0;
		};
/* End XCConfigurationList section */
	};
	rootObject = 2252AC22194078F3005556B4 /* Project object */;
}
